// !$*UTF8*$!
{
	archiveVersion = 1;
	classes = {
	};
	objectVersion = 50;
	objects = {

/* Begin PBXBuildFile section */
		B2109B8024ECF3C000775740 /* AppDelegate.swift in Sources */ = {isa = PBXBuildFile; fileRef = B2109B7F24ECF3C000775740 /* AppDelegate.swift */; };
		B2109B8424ECF3C000775740 /* ViewController.swift in Sources */ = {isa = PBXBuildFile; fileRef = B2109B8324ECF3C000775740 /* ViewController.swift */; };
		B2109B8724ECF3C000775740 /* Main.storyboard in Resources */ = {isa = PBXBuildFile; fileRef = B2109B8524ECF3C000775740 /* Main.storyboard */; };
		B2109B8924ECF3C000775740 /* Assets.xcassets in Resources */ = {isa = PBXBuildFile; fileRef = B2109B8824ECF3C000775740 /* Assets.xcassets */; };
		B2109B8C24ECF3C000775740 /* LaunchScreen.storyboard in Resources */ = {isa = PBXBuildFile; fileRef = B2109B8A24ECF3C000775740 /* LaunchScreen.storyboard */; };
		B2109B9824ECF6CC00775740 /* RangeSeekSlider.swift in Sources */ = {isa = PBXBuildFile; fileRef = B2109B9524ECF6CB00775740 /* RangeSeekSlider.swift */; };
		B2109B9924ECF6CC00775740 /* TapticEngine.swift in Sources */ = {isa = PBXBuildFile; fileRef = B2109B9624ECF6CB00775740 /* TapticEngine.swift */; };
/* End PBXBuildFile section */

/* Begin PBXFileReference section */
		B2109B7C24ECF3C000775740 /* doubleSliderAlwaysMoving.app */ = {isa = PBXFileReference; explicitFileType = wrapper.application; includeInIndex = 0; path = doubleSliderAlwaysMoving.app; sourceTree = BUILT_PRODUCTS_DIR; };
		B2109B7F24ECF3C000775740 /* AppDelegate.swift */ = {isa = PBXFileReference; lastKnownFileType = sourcecode.swift; path = AppDelegate.swift; sourceTree = "<group>"; };
		B2109B8324ECF3C000775740 /* ViewController.swift */ = {isa = PBXFileReference; lastKnownFileType = sourcecode.swift; path = ViewController.swift; sourceTree = "<group>"; };
		B2109B8624ECF3C000775740 /* Base */ = {isa = PBXFileReference; lastKnownFileType = file.storyboard; name = Base; path = Base.lproj/Main.storyboard; sourceTree = "<group>"; };
		B2109B8824ECF3C000775740 /* Assets.xcassets */ = {isa = PBXFileReference; lastKnownFileType = folder.assetcatalog; path = Assets.xcassets; sourceTree = "<group>"; };
		B2109B8B24ECF3C000775740 /* Base */ = {isa = PBXFileReference; lastKnownFileType = file.storyboard; name = Base; path = Base.lproj/LaunchScreen.storyboard; sourceTree = "<group>"; };
		B2109B8D24ECF3C000775740 /* Info.plist */ = {isa = PBXFileReference; lastKnownFileType = text.plist.xml; path = Info.plist; sourceTree = "<group>"; };
		B2109B9524ECF6CB00775740 /* RangeSeekSlider.swift */ = {isa = PBXFileReference; fileEncoding = 4; lastKnownFileType = sourcecode.swift; path = RangeSeekSlider.swift; sourceTree = "<group>"; };
		B2109B9624ECF6CB00775740 /* TapticEngine.swift */ = {isa = PBXFileReference; fileEncoding = 4; lastKnownFileType = sourcecode.swift; path = TapticEngine.swift; sourceTree = "<group>"; };
/* End PBXFileReference section */

/* Begin PBXFrameworksBuildPhase section */
		B2109B7924ECF3C000775740 /* Frameworks */ = {
			isa = PBXFrameworksBuildPhase;
			buildActionMask = 2147483647;
			files = (
			);
			runOnlyForDeploymentPostprocessing = 0;
		};
/* End PBXFrameworksBuildPhase section */

/* Begin PBXGroup section */
		B2109B7324ECF3C000775740 = {
			isa = PBXGroup;
			children = (
				B2109B7E24ECF3C000775740 /* doubleSliderAlwaysMoving */,
				B2109B7D24ECF3C000775740 /* Products */,
			);
			sourceTree = "<group>";
		};
		B2109B7D24ECF3C000775740 /* Products */ = {
			isa = PBXGroup;
			children = (
				B2109B7C24ECF3C000775740 /* doubleSliderAlwaysMoving.app */,
			);
			name = Products;
			sourceTree = "<group>";
		};
		B2109B7E24ECF3C000775740 /* doubleSliderAlwaysMoving */ = {
			isa = PBXGroup;
			children = (
				B2109B7F24ECF3C000775740 /* AppDelegate.swift */,
				B2109B8324ECF3C000775740 /* ViewController.swift */,
				B2109B8524ECF3C000775740 /* Main.storyboard */,
				B2109B8824ECF3C000775740 /* Assets.xcassets */,
				B2109B8A24ECF3C000775740 /* LaunchScreen.storyboard */,
				B2109B8D24ECF3C000775740 /* Info.plist */,
				B2109B9324ECF6CB00775740 /* DoubleSliderLib */,
			);
			path = doubleSliderAlwaysMoving;
			sourceTree = "<group>";
		};
		B2109B9324ECF6CB00775740 /* DoubleSliderLib */ = {
			isa = PBXGroup;
			children = (
				B2109B9524ECF6CB00775740 /* RangeSeekSlider.swift */,
				B2109B9624ECF6CB00775740 /* TapticEngine.swift */,
			);
			name = DoubleSliderLib;
			path = ../../../../DoubleSliderLib;
			sourceTree = "<group>";
		};
/* End PBXGroup section */

/* Begin PBXNativeTarget section */
		B2109B7B24ECF3C000775740 /* doubleSliderAlwaysMoving */ = {
			isa = PBXNativeTarget;
			buildConfigurationList = B2109B9024ECF3C000775740 /* Build configuration list for PBXNativeTarget "doubleSliderAlwaysMoving" */;
			buildPhases = (
				B2109B7824ECF3C000775740 /* Sources */,
				B2109B7924ECF3C000775740 /* Frameworks */,
				B2109B7A24ECF3C000775740 /* Resources */,
			);
			buildRules = (
			);
			dependencies = (
			);
			name = doubleSliderAlwaysMoving;
			productName = doubleSliderAlwaysMoving;
			productReference = B2109B7C24ECF3C000775740 /* doubleSliderAlwaysMoving.app */;
			productType = "com.apple.product-type.application";
		};
/* End PBXNativeTarget section */

/* Begin PBXProject section */
		B2109B7424ECF3C000775740 /* Project object */ = {
			isa = PBXProject;
			attributes = {
				LastSwiftUpdateCheck = 1160;
				LastUpgradeCheck = 1160;
				ORGANIZATIONNAME = "Админ";
				TargetAttributes = {
					B2109B7B24ECF3C000775740 = {
						CreatedOnToolsVersion = 11.6;
					};
				};
			};
			buildConfigurationList = B2109B7724ECF3C000775740 /* Build configuration list for PBXProject "doubleSliderAlwaysMoving" */;
			compatibilityVersion = "Xcode 9.3";
			developmentRegion = en;
			hasScannedForEncodings = 0;
			knownRegions = (
				en,
				Base,
			);
			mainGroup = B2109B7324ECF3C000775740;
			productRefGroup = B2109B7D24ECF3C000775740 /* Products */;
			projectDirPath = "";
			projectRoot = "";
			targets = (
				B2109B7B24ECF3C000775740 /* doubleSliderAlwaysMoving */,
			);
		};
/* End PBXProject section */

/* Begin PBXResourcesBuildPhase section */
		B2109B7A24ECF3C000775740 /* Resources */ = {
			isa = PBXResourcesBuildPhase;
			buildActionMask = 2147483647;
			files = (
				B2109B8C24ECF3C000775740 /* LaunchScreen.storyboard in Resources */,
				B2109B8924ECF3C000775740 /* Assets.xcassets in Resources */,
				B2109B8724ECF3C000775740 /* Main.storyboard in Resources */,
			);
			runOnlyForDeploymentPostprocessing = 0;
		};
/* End PBXResourcesBuildPhase section */

/* Begin PBXSourcesBuildPhase section */
		B2109B7824ECF3C000775740 /* Sources */ = {
			isa = PBXSourcesBuildPhase;
			buildActionMask = 2147483647;
			files = (
				B2109B9824ECF6CC00775740 /* RangeSeekSlider.swift in Sources */,
				B2109B9924ECF6CC00775740 /* TapticEngine.swift in Sources */,
				B2109B8424ECF3C000775740 /* ViewController.swift in Sources */,
				B2109B8024ECF3C000775740 /* AppDelegate.swift in Sources */,
			);
			runOnlyForDeploymentPostprocessing = 0;
		};
/* End PBXSourcesBuildPhase section */

/* Begin PBXVariantGroup section */
		B2109B8524ECF3C000775740 /* Main.storyboard */ = {
			isa = PBXVariantGroup;
			children = (
				B2109B8624ECF3C000775740 /* Base */,
			);
			name = Main.storyboard;
			sourceTree = "<group>";
		};
		B2109B8A24ECF3C000775740 /* LaunchScreen.storyboard */ = {
			isa = PBXVariantGroup;
			children = (
				B2109B8B24ECF3C000775740 /* Base */,
			);
			name = LaunchScreen.storyboard;
			sourceTree = "<group>";
		};
/* End PBXVariantGroup section */

/* Begin XCBuildConfiguration section */
		B2109B8E24ECF3C000775740 /* Debug */ = {
			isa = XCBuildConfiguration;
			buildSettings = {
				ALWAYS_SEARCH_USER_PATHS = NO;
				CLANG_ANALYZER_NONNULL = YES;
				CLANG_ANALYZER_NUMBER_OBJECT_CONVERSION = YES_AGGRESSIVE;
				CLANG_CXX_LANGUAGE_STANDARD = "gnu++14";
				CLANG_CXX_LIBRARY = "libc++";
				CLANG_ENABLE_MODULES = YES;
				CLANG_ENABLE_OBJC_ARC = YES;
				CLANG_ENABLE_OBJC_WEAK = YES;
				CLANG_WARN_BLOCK_CAPTURE_AUTORELEASING = YES;
				CLANG_WARN_BOOL_CONVERSION = YES;
				CLANG_WARN_COMMA = YES;
				CLANG_WARN_CONSTANT_CONVERSION = YES;
				CLANG_WARN_DEPRECATED_OBJC_IMPLEMENTATIONS = YES;
				CLANG_WARN_DIRECT_OBJC_ISA_USAGE = YES_ERROR;
				CLANG_WARN_DOCUMENTATION_COMMENTS = YES;
				CLANG_WARN_EMPTY_BODY = YES;
				CLANG_WARN_ENUM_CONVERSION = YES;
				CLANG_WARN_INFINITE_RECURSION = YES;
				CLANG_WARN_INT_CONVERSION = YES;
				CLANG_WARN_NON_LITERAL_NULL_CONVERSION = YES;
				CLANG_WARN_OBJC_IMPLICIT_RETAIN_SELF = YES;
				CLANG_WARN_OBJC_LITERAL_CONVERSION = YES;
				CLANG_WARN_OBJC_ROOT_CLASS = YES_ERROR;
				CLANG_WARN_RANGE_LOOP_ANALYSIS = YES;
				CLANG_WARN_STRICT_PROTOTYPES = YES;
				CLANG_WARN_SUSPICIOUS_MOVE = YES;
				CLANG_WARN_UNGUARDED_AVAILABILITY = YES_AGGRESSIVE;
				CLANG_WARN_UNREACHABLE_CODE = YES;
				CLANG_WARN__DUPLICATE_METHOD_MATCH = YES;
				COPY_PHASE_STRIP = NO;
				DEBUG_INFORMATION_FORMAT = dwarf;
				ENABLE_STRICT_OBJC_MSGSEND = YES;
				ENABLE_TESTABILITY = YES;
				GCC_C_LANGUAGE_STANDARD = gnu11;
				GCC_DYNAMIC_NO_PIC = NO;
				GCC_NO_COMMON_BLOCKS = YES;
				GCC_OPTIMIZATION_LEVEL = 0;
				GCC_PREPROCESSOR_DEFINITIONS = (
					"DEBUG=1",
					"$(inherited)",
				);
				GCC_WARN_64_TO_32_BIT_CONVERSION = YES;
				GCC_WARN_ABOUT_RETURN_TYPE = YES_ERROR;
				GCC_WARN_UNDECLARED_SELECTOR = YES;
				GCC_WARN_UNINITIALIZED_AUTOS = YES_AGGRESSIVE;
				GCC_WARN_UNUSED_FUNCTION = YES;
				GCC_WARN_UNUSED_VARIABLE = YES;
				IPHONEOS_DEPLOYMENT_TARGET = 13.6;
				MTL_ENABLE_DEBUG_INFO = INCLUDE_SOURCE;
				MTL_FAST_MATH = YES;
				ONLY_ACTIVE_ARCH = YES;
				SDKROOT = iphoneos;
				SWIFT_ACTIVE_COMPILATION_CONDITIONS = DEBUG;
				SWIFT_OPTIMIZATION_LEVEL = "-Onone";
			};
			name = Debug;
		};
		B2109B8F24ECF3C000775740 /* Release */ = {
			isa = XCBuildConfiguration;
			buildSettings = {
				ALWAYS_SEARCH_USER_PATHS = NO;
				CLANG_ANALYZER_NONNULL = YES;
				CLANG_ANALYZER_NUMBER_OBJECT_CONVERSION = YES_AGGRESSIVE;
				CLANG_CXX_LANGUAGE_STANDARD = "gnu++14";
				CLANG_CXX_LIBRARY = "libc++";
				CLANG_ENABLE_MODULES = YES;
				CLANG_ENABLE_OBJC_ARC = YES;
				CLANG_ENABLE_OBJC_WEAK = YES;
				CLANG_WARN_BLOCK_CAPTURE_AUTORELEASING = YES;
				CLANG_WARN_BOOL_CONVERSION = YES;
				CLANG_WARN_COMMA = YES;
				CLANG_WARN_CONSTANT_CONVERSION = YES;
				CLANG_WARN_DEPRECATED_OBJC_IMPLEMENTATIONS = YES;
				CLANG_WARN_DIRECT_OBJC_ISA_USAGE = YES_ERROR;
				CLANG_WARN_DOCUMENTATION_COMMENTS = YES;
				CLANG_WARN_EMPTY_BODY = YES;
				CLANG_WARN_ENUM_CONVERSION = YES;
				CLANG_WARN_INFINITE_RECURSION = YES;
				CLANG_WARN_INT_CONVERSION = YES;
				CLANG_WARN_NON_LITERAL_NULL_CONVERSION = YES;
				CLANG_WARN_OBJC_IMPLICIT_RETAIN_SELF = YES;
				CLANG_WARN_OBJC_LITERAL_CONVERSION = YES;
				CLANG_WARN_OBJC_ROOT_CLASS = YES_ERROR;
				CLANG_WARN_RANGE_LOOP_ANALYSIS = YES;
				CLANG_WARN_STRICT_PROTOTYPES = YES;
				CLANG_WARN_SUSPICIOUS_MOVE = YES;
				CLANG_WARN_UNGUARDED_AVAILABILITY = YES_AGGRESSIVE;
				CLANG_WARN_UNREACHABLE_CODE = YES;
				CLANG_WARN__DUPLICATE_METHOD_MATCH = YES;
				COPY_PHASE_STRIP = NO;
				DEBUG_INFORMATION_FORMAT = "dwarf-with-dsym";
				ENABLE_NS_ASSERTIONS = NO;
				ENABLE_STRICT_OBJC_MSGSEND = YES;
				GCC_C_LANGUAGE_STANDARD = gnu11;
				GCC_NO_COMMON_BLOCKS = YES;
				GCC_WARN_64_TO_32_BIT_CONVERSION = YES;
				GCC_WARN_ABOUT_RETURN_TYPE = YES_ERROR;
				GCC_WARN_UNDECLARED_SELECTOR = YES;
				GCC_WARN_UNINITIALIZED_AUTOS = YES_AGGRESSIVE;
				GCC_WARN_UNUSED_FUNCTION = YES;
				GCC_WARN_UNUSED_VARIABLE = YES;
				IPHONEOS_DEPLOYMENT_TARGET = 13.6;
				MTL_ENABLE_DEBUG_INFO = NO;
				MTL_FAST_MATH = YES;
				SDKROOT = iphoneos;
				SWIFT_COMPILATION_MODE = wholemodule;
				SWIFT_OPTIMIZATION_LEVEL = "-O";
				VALIDATE_PRODUCT = YES;
			};
			name = Release;
		};
		B2109B9124ECF3C000775740 /* Debug */ = {
			isa = XCBuildConfiguration;
			buildSettings = {
				ASSETCATALOG_COMPILER_APPICON_NAME = AppIcon;
				CODE_SIGN_STYLE = Automatic;
				DEVELOPMENT_TEAM = Z96TS9T74Z;
				INFOPLIST_FILE = doubleSliderAlwaysMoving/Info.plist;
				IPHONEOS_DEPLOYMENT_TARGET = 12.0;
				LD_RUNPATH_SEARCH_PATHS = (
					"$(inherited)",
					"@executable_path/Frameworks",
				);
				PRODUCT_BUNDLE_IDENTIFIER = com.testLocalePush.doubleSliderAlwaysMoving;
				PRODUCT_NAME = "$(TARGET_NAME)";
				SWIFT_VERSION = 5.0;
				TARGETED_DEVICE_FAMILY = "1,2";
			};
			name = Debug;
		};
		B2109B9224ECF3C000775740 /* Release */ = {
			isa = XCBuildConfiguration;
			buildSettings = {
				ASSETCATALOG_COMPILER_APPICON_NAME = AppIcon;
				CODE_SIGN_STYLE = Automatic;
				DEVELOPMENT_TEAM = Z96TS9T74Z;
				INFOPLIST_FILE = doubleSliderAlwaysMoving/Info.plist;
				IPHONEOS_DEPLOYMENT_TARGET = 12.0;
				LD_RUNPATH_SEARCH_PATHS = (
					"$(inherited)",
					"@executable_path/Frameworks",
				);
				PRODUCT_BUNDLE_IDENTIFIER = com.testLocalePush.doubleSliderAlwaysMoving;
				PRODUCT_NAME = "$(TARGET_NAME)";
				SWIFT_VERSION = 5.0;
				TARGETED_DEVICE_FAMILY = "1,2";
			};
			name = Release;
		};
/* End XCBuildConfiguration section */

/* Begin XCConfigurationList section */
		B2109B7724ECF3C000775740 /* Build configuration list for PBXProject "doubleSliderAlwaysMoving" */ = {
			isa = XCConfigurationList;
			buildConfigurations = (
				B2109B8E24ECF3C000775740 /* Debug */,
				B2109B8F24ECF3C000775740 /* Release */,
			);
			defaultConfigurationIsVisible = 0;
			defaultConfigurationName = Release;
		};
		B2109B9024ECF3C000775740 /* Build configuration list for PBXNativeTarget "doubleSliderAlwaysMoving" */ = {
			isa = XCConfigurationList;
			buildConfigurations = (
				B2109B9124ECF3C000775740 /* Debug */,
				B2109B9224ECF3C000775740 /* Release */,
			);
			defaultConfigurationIsVisible = 0;
			defaultConfigurationName = Release;
		};
/* End XCConfigurationList section */
	};
	rootObject = B2109B7424ECF3C000775740 /* Project object */;
}
