// !$*UTF8*$!
{
	archiveVersion = 1;
	classes = {
	};
	objectVersion = 56;
	objects = {

/* Begin PBXBuildFile section */
		E9F4BD8029D04FBA0019E526 /* AppDelegate.swift in Sources */ = {isa = PBXBuildFile; fileRef = E9F4BD7F29D04FBA0019E526 /* AppDelegate.swift */; };
		E9F4BD8229D04FBA0019E526 /* SceneDelegate.swift in Sources */ = {isa = PBXBuildFile; fileRef = E9F4BD8129D04FBA0019E526 /* SceneDelegate.swift */; };
		E9F4BD8429D04FBA0019E526 /* ViewController.swift in Sources */ = {isa = PBXBuildFile; fileRef = E9F4BD8329D04FBA0019E526 /* ViewController.swift */; };
		E9F4BD8729D04FBA0019E526 /* Main.storyboard in Resources */ = {isa = PBXBuildFile; fileRef = E9F4BD8529D04FBA0019E526 /* Main.storyboard */; };
		E9F4BD8929D04FBC0019E526 /* Assets.xcassets in Resources */ = {isa = PBXBuildFile; fileRef = E9F4BD8829D04FBC0019E526 /* Assets.xcassets */; };
		E9F4BD8C29D04FBC0019E526 /* LaunchScreen.storyboard in Resources */ = {isa = PBXBuildFile; fileRef = E9F4BD8A29D04FBC0019E526 /* LaunchScreen.storyboard */; };
		E9F4BD9529D055DB0019E526 /* Dispatcherization.swift in Sources */ = {isa = PBXBuildFile; fileRef = E9F4BD9429D055DB0019E526 /* Dispatcherization.swift */; };
		E9F4BD9729D05A7B0019E526 /* Clousers.swift in Sources */ = {isa = PBXBuildFile; fileRef = E9F4BD9629D05A7B0019E526 /* Clousers.swift */; };
		E9F4BD9929D05AA60019E526 /* Inheritance.swift in Sources */ = {isa = PBXBuildFile; fileRef = E9F4BD9829D05AA60019E526 /* Inheritance.swift */; };
		E9F4BD9B29D068F30019E526 /* TestOveride.swift in Sources */ = {isa = PBXBuildFile; fileRef = E9F4BD9A29D068F30019E526 /* TestOveride.swift */; };
		E9F4BD9D29D084660019E526 /* TestGCD.swift in Sources */ = {isa = PBXBuildFile; fileRef = E9F4BD9C29D084660019E526 /* TestGCD.swift */; };
		E9F4BDA129D090970019E526 /* ValueType.swift in Sources */ = {isa = PBXBuildFile; fileRef = E9F4BDA029D090970019E526 /* ValueType.swift */; };
		E9F4BDA329D0CC1D0019E526 /* TypeErasure.swift in Sources */ = {isa = PBXBuildFile; fileRef = E9F4BDA229D0CC1D0019E526 /* TypeErasure.swift */; };
/* End PBXBuildFile section */

/* Begin PBXFileReference section */
		E9F4BD7C29D04FBA0019E526 /* TestBeforeBank.app */ = {isa = PBXFileReference; explicitFileType = wrapper.application; includeInIndex = 0; path = TestBeforeBank.app; sourceTree = BUILT_PRODUCTS_DIR; };
		E9F4BD7F29D04FBA0019E526 /* AppDelegate.swift */ = {isa = PBXFileReference; lastKnownFileType = sourcecode.swift; path = AppDelegate.swift; sourceTree = "<group>"; };
		E9F4BD8129D04FBA0019E526 /* SceneDelegate.swift */ = {isa = PBXFileReference; lastKnownFileType = sourcecode.swift; path = SceneDelegate.swift; sourceTree = "<group>"; };
		E9F4BD8329D04FBA0019E526 /* ViewController.swift */ = {isa = PBXFileReference; lastKnownFileType = sourcecode.swift; path = ViewController.swift; sourceTree = "<group>"; };
		E9F4BD8629D04FBA0019E526 /* Base */ = {isa = PBXFileReference; lastKnownFileType = file.storyboard; name = Base; path = Base.lproj/Main.storyboard; sourceTree = "<group>"; };
		E9F4BD8829D04FBC0019E526 /* Assets.xcassets */ = {isa = PBXFileReference; lastKnownFileType = folder.assetcatalog; path = Assets.xcassets; sourceTree = "<group>"; };
		E9F4BD8B29D04FBC0019E526 /* Base */ = {isa = PBXFileReference; lastKnownFileType = file.storyboard; name = Base; path = Base.lproj/LaunchScreen.storyboard; sourceTree = "<group>"; };
		E9F4BD8D29D04FBC0019E526 /* Info.plist */ = {isa = PBXFileReference; lastKnownFileType = text.plist.xml; path = Info.plist; sourceTree = "<group>"; };
		E9F4BD9429D055DB0019E526 /* Dispatcherization.swift */ = {isa = PBXFileReference; lastKnownFileType = sourcecode.swift; path = Dispatcherization.swift; sourceTree = "<group>"; };
		E9F4BD9629D05A7B0019E526 /* Clousers.swift */ = {isa = PBXFileReference; lastKnownFileType = sourcecode.swift; path = Clousers.swift; sourceTree = "<group>"; };
		E9F4BD9829D05AA60019E526 /* Inheritance.swift */ = {isa = PBXFileReference; lastKnownFileType = sourcecode.swift; path = Inheritance.swift; sourceTree = "<group>"; };
		E9F4BD9A29D068F30019E526 /* TestOveride.swift */ = {isa = PBXFileReference; lastKnownFileType = sourcecode.swift; path = TestOveride.swift; sourceTree = "<group>"; };
		E9F4BD9C29D084660019E526 /* TestGCD.swift */ = {isa = PBXFileReference; lastKnownFileType = sourcecode.swift; path = TestGCD.swift; sourceTree = "<group>"; };
		E9F4BDA029D090970019E526 /* ValueType.swift */ = {isa = PBXFileReference; lastKnownFileType = sourcecode.swift; path = ValueType.swift; sourceTree = "<group>"; };
		E9F4BDA229D0CC1D0019E526 /* TypeErasure.swift */ = {isa = PBXFileReference; lastKnownFileType = sourcecode.swift; path = TypeErasure.swift; sourceTree = "<group>"; };
/* End PBXFileReference section */

/* Begin PBXFrameworksBuildPhase section */
		E9F4BD7929D04FBA0019E526 /* Frameworks */ = {
			isa = PBXFrameworksBuildPhase;
			buildActionMask = 2147483647;
			files = (
			);
			runOnlyForDeploymentPostprocessing = 0;
		};
/* End PBXFrameworksBuildPhase section */

/* Begin PBXGroup section */
		E9F4BD7329D04FBA0019E526 = {
			isa = PBXGroup;
			children = (
				E9F4BD7E29D04FBA0019E526 /* TestBeforeBank */,
				E9F4BD7D29D04FBA0019E526 /* Products */,
			);
			sourceTree = "<group>";
		};
		E9F4BD7D29D04FBA0019E526 /* Products */ = {
			isa = PBXGroup;
			children = (
				E9F4BD7C29D04FBA0019E526 /* TestBeforeBank.app */,
			);
			name = Products;
			sourceTree = "<group>";
		};
		E9F4BD7E29D04FBA0019E526 /* TestBeforeBank */ = {
			isa = PBXGroup;
			children = (
				E9F4BD7F29D04FBA0019E526 /* AppDelegate.swift */,
				E9F4BD9329D0557F0019E526 /* AppDelegate+Extensions */,
				E9F4BD8129D04FBA0019E526 /* SceneDelegate.swift */,
				E9F4BD8329D04FBA0019E526 /* ViewController.swift */,
				E9F4BD8529D04FBA0019E526 /* Main.storyboard */,
				E9F4BD8829D04FBC0019E526 /* Assets.xcassets */,
				E9F4BD8A29D04FBC0019E526 /* LaunchScreen.storyboard */,
				E9F4BD8D29D04FBC0019E526 /* Info.plist */,
			);
			path = TestBeforeBank;
			sourceTree = "<group>";
		};
		E9F4BD9329D0557F0019E526 /* AppDelegate+Extensions */ = {
			isa = PBXGroup;
			children = (
				E9F4BD9429D055DB0019E526 /* Dispatcherization.swift */,
				E9F4BD9629D05A7B0019E526 /* Clousers.swift */,
				E9F4BD9829D05AA60019E526 /* Inheritance.swift */,
				E9F4BD9A29D068F30019E526 /* TestOveride.swift */,
				E9F4BD9C29D084660019E526 /* TestGCD.swift */,
				E9F4BDA029D090970019E526 /* ValueType.swift */,
				E9F4BDA229D0CC1D0019E526 /* TypeErasure.swift */,
			);
			path = "AppDelegate+Extensions";
			sourceTree = "<group>";
		};
/* End PBXGroup section */

/* Begin PBXNativeTarget section */
		E9F4BD7B29D04FBA0019E526 /* TestBeforeBank */ = {
			isa = PBXNativeTarget;
			buildConfigurationList = E9F4BD9029D04FBC0019E526 /* Build configuration list for PBXNativeTarget "TestBeforeBank" */;
			buildPhases = (
				E9F4BD7829D04FBA0019E526 /* Sources */,
				E9F4BD7929D04FBA0019E526 /* Frameworks */,
				E9F4BD7A29D04FBA0019E526 /* Resources */,
			);
			buildRules = (
			);
			dependencies = (
			);
			name = TestBeforeBank;
			productName = TestBeforeBank;
			productReference = E9F4BD7C29D04FBA0019E526 /* TestBeforeBank.app */;
			productType = "com.apple.product-type.application";
		};
/* End PBXNativeTarget section */

/* Begin PBXProject section */
		E9F4BD7429D04FBA0019E526 /* Project object */ = {
			isa = PBXProject;
			attributes = {
				BuildIndependentTargetsInParallel = 1;
				LastSwiftUpdateCheck = 1420;
				LastUpgradeCheck = 1420;
				TargetAttributes = {
					E9F4BD7B29D04FBA0019E526 = {
						CreatedOnToolsVersion = 14.2;
					};
				};
			};
			buildConfigurationList = E9F4BD7729D04FBA0019E526 /* Build configuration list for PBXProject "TestBeforeBank" */;
			compatibilityVersion = "Xcode 14.0";
			developmentRegion = en;
			hasScannedForEncodings = 0;
			knownRegions = (
				en,
				Base,
			);
			mainGroup = E9F4BD7329D04FBA0019E526;
			productRefGroup = E9F4BD7D29D04FBA0019E526 /* Products */;
			projectDirPath = "";
			projectRoot = "";
			targets = (
				E9F4BD7B29D04FBA0019E526 /* TestBeforeBank */,
			);
		};
/* End PBXProject section */

/* Begin PBXResourcesBuildPhase section */
		E9F4BD7A29D04FBA0019E526 /* Resources */ = {
			isa = PBXResourcesBuildPhase;
			buildActionMask = 2147483647;
			files = (
				E9F4BD8C29D04FBC0019E526 /* LaunchScreen.storyboard in Resources */,
				E9F4BD8929D04FBC0019E526 /* Assets.xcassets in Resources */,
				E9F4BD8729D04FBA0019E526 /* Main.storyboard in Resources */,
			);
			runOnlyForDeploymentPostprocessing = 0;
		};
/* End PBXResourcesBuildPhase section */

/* Begin PBXSourcesBuildPhase section */
		E9F4BD7829D04FBA0019E526 /* Sources */ = {
			isa = PBXSourcesBuildPhase;
			buildActionMask = 2147483647;
			files = (
				E9F4BD8429D04FBA0019E526 /* ViewController.swift in Sources */,
				E9F4BDA329D0CC1D0019E526 /* TypeErasure.swift in Sources */,
				E9F4BD8029D04FBA0019E526 /* AppDelegate.swift in Sources */,
				E9F4BD9929D05AA60019E526 /* Inheritance.swift in Sources */,
				E9F4BDA129D090970019E526 /* ValueType.swift in Sources */,
				E9F4BD8229D04FBA0019E526 /* SceneDelegate.swift in Sources */,
				E9F4BD9729D05A7B0019E526 /* Clousers.swift in Sources */,
				E9F4BD9B29D068F30019E526 /* TestOveride.swift in Sources */,
				E9F4BD9D29D084660019E526 /* TestGCD.swift in Sources */,
				E9F4BD9529D055DB0019E526 /* Dispatcherization.swift in Sources */,
			);
			runOnlyForDeploymentPostprocessing = 0;
		};
/* End PBXSourcesBuildPhase section */

/* Begin PBXVariantGroup section */
		E9F4BD8529D04FBA0019E526 /* Main.storyboard */ = {
			isa = PBXVariantGroup;
			children = (
				E9F4BD8629D04FBA0019E526 /* Base */,
			);
			name = Main.storyboard;
			sourceTree = "<group>";
		};
		E9F4BD8A29D04FBC0019E526 /* LaunchScreen.storyboard */ = {
			isa = PBXVariantGroup;
			children = (
				E9F4BD8B29D04FBC0019E526 /* Base */,
			);
			name = LaunchScreen.storyboard;
			sourceTree = "<group>";
		};
/* End PBXVariantGroup section */

/* Begin XCBuildConfiguration section */
		E9F4BD8E29D04FBC0019E526 /* Debug */ = {
			isa = XCBuildConfiguration;
			buildSettings = {
				ALWAYS_SEARCH_USER_PATHS = NO;
				CLANG_ANALYZER_NONNULL = YES;
				CLANG_ANALYZER_NUMBER_OBJECT_CONVERSION = YES_AGGRESSIVE;
				CLANG_CXX_LANGUAGE_STANDARD = "gnu++20";
				CLANG_ENABLE_MODULES = YES;
				CLANG_ENABLE_OBJC_ARC = YES;
				CLANG_ENABLE_OBJC_WEAK = YES;
				CLANG_WARN_BLOCK_CAPTURE_AUTORELEASING = YES;
				CLANG_WARN_BOOL_CONVERSION = YES;
				CLANG_WARN_COMMA = YES;
				CLANG_WARN_CONSTANT_CONVERSION = YES;
				CLANG_WARN_DEPRECATED_OBJC_IMPLEMENTATIONS = YES;
				CLANG_WARN_DIRECT_OBJC_ISA_USAGE = YES_ERROR;
				CLANG_WARN_DOCUMENTATION_COMMENTS = YES;
				CLANG_WARN_EMPTY_BODY = YES;
				CLANG_WARN_ENUM_CONVERSION = YES;
				CLANG_WARN_INFINITE_RECURSION = YES;
				CLANG_WARN_INT_CONVERSION = YES;
				CLANG_WARN_NON_LITERAL_NULL_CONVERSION = YES;
				CLANG_WARN_OBJC_IMPLICIT_RETAIN_SELF = YES;
				CLANG_WARN_OBJC_LITERAL_CONVERSION = YES;
				CLANG_WARN_OBJC_ROOT_CLASS = YES_ERROR;
				CLANG_WARN_QUOTED_INCLUDE_IN_FRAMEWORK_HEADER = YES;
				CLANG_WARN_RANGE_LOOP_ANALYSIS = YES;
				CLANG_WARN_STRICT_PROTOTYPES = YES;
				CLANG_WARN_SUSPICIOUS_MOVE = YES;
				CLANG_WARN_UNGUARDED_AVAILABILITY = YES_AGGRESSIVE;
				CLANG_WARN_UNREACHABLE_CODE = YES;
				CLANG_WARN__DUPLICATE_METHOD_MATCH = YES;
				COPY_PHASE_STRIP = NO;
				DEBUG_INFORMATION_FORMAT = dwarf;
				ENABLE_STRICT_OBJC_MSGSEND = YES;
				ENABLE_TESTABILITY = YES;
				GCC_C_LANGUAGE_STANDARD = gnu11;
				GCC_DYNAMIC_NO_PIC = NO;
				GCC_NO_COMMON_BLOCKS = YES;
				GCC_OPTIMIZATION_LEVEL = 0;
				GCC_PREPROCESSOR_DEFINITIONS = (
					"DEBUG=1",
					"$(inherited)",
				);
				GCC_WARN_64_TO_32_BIT_CONVERSION = YES;
				GCC_WARN_ABOUT_RETURN_TYPE = YES_ERROR;
				GCC_WARN_UNDECLARED_SELECTOR = YES;
				GCC_WARN_UNINITIALIZED_AUTOS = YES_AGGRESSIVE;
				GCC_WARN_UNUSED_FUNCTION = YES;
				GCC_WARN_UNUSED_VARIABLE = YES;
				IPHONEOS_DEPLOYMENT_TARGET = 16.2;
				MTL_ENABLE_DEBUG_INFO = INCLUDE_SOURCE;
				MTL_FAST_MATH = YES;
				ONLY_ACTIVE_ARCH = YES;
				SDKROOT = iphoneos;
				SWIFT_ACTIVE_COMPILATION_CONDITIONS = DEBUG;
				SWIFT_OPTIMIZATION_LEVEL = "-Onone";
			};
			name = Debug;
		};
		E9F4BD8F29D04FBC0019E526 /* Release */ = {
			isa = XCBuildConfiguration;
			buildSettings = {
				ALWAYS_SEARCH_USER_PATHS = NO;
				CLANG_ANALYZER_NONNULL = YES;
				CLANG_ANALYZER_NUMBER_OBJECT_CONVERSION = YES_AGGRESSIVE;
				CLANG_CXX_LANGUAGE_STANDARD = "gnu++20";
				CLANG_ENABLE_MODULES = YES;
				CLANG_ENABLE_OBJC_ARC = YES;
				CLANG_ENABLE_OBJC_WEAK = YES;
				CLANG_WARN_BLOCK_CAPTURE_AUTORELEASING = YES;
				CLANG_WARN_BOOL_CONVERSION = YES;
				CLANG_WARN_COMMA = YES;
				CLANG_WARN_CONSTANT_CONVERSION = YES;
				CLANG_WARN_DEPRECATED_OBJC_IMPLEMENTATIONS = YES;
				CLANG_WARN_DIRECT_OBJC_ISA_USAGE = YES_ERROR;
				CLANG_WARN_DOCUMENTATION_COMMENTS = YES;
				CLANG_WARN_EMPTY_BODY = YES;
				CLANG_WARN_ENUM_CONVERSION = YES;
				CLANG_WARN_INFINITE_RECURSION = YES;
				CLANG_WARN_INT_CONVERSION = YES;
				CLANG_WARN_NON_LITERAL_NULL_CONVERSION = YES;
				CLANG_WARN_OBJC_IMPLICIT_RETAIN_SELF = YES;
				CLANG_WARN_OBJC_LITERAL_CONVERSION = YES;
				CLANG_WARN_OBJC_ROOT_CLASS = YES_ERROR;
				CLANG_WARN_QUOTED_INCLUDE_IN_FRAMEWORK_HEADER = YES;
				CLANG_WARN_RANGE_LOOP_ANALYSIS = YES;
				CLANG_WARN_STRICT_PROTOTYPES = YES;
				CLANG_WARN_SUSPICIOUS_MOVE = YES;
				CLANG_WARN_UNGUARDED_AVAILABILITY = YES_AGGRESSIVE;
				CLANG_WARN_UNREACHABLE_CODE = YES;
				CLANG_WARN__DUPLICATE_METHOD_MATCH = YES;
				COPY_PHASE_STRIP = NO;
				DEBUG_INFORMATION_FORMAT = "dwarf-with-dsym";
				ENABLE_NS_ASSERTIONS = NO;
				ENABLE_STRICT_OBJC_MSGSEND = YES;
				GCC_C_LANGUAGE_STANDARD = gnu11;
				GCC_NO_COMMON_BLOCKS = YES;
				GCC_WARN_64_TO_32_BIT_CONVERSION = YES;
				GCC_WARN_ABOUT_RETURN_TYPE = YES_ERROR;
				GCC_WARN_UNDECLARED_SELECTOR = YES;
				GCC_WARN_UNINITIALIZED_AUTOS = YES_AGGRESSIVE;
				GCC_WARN_UNUSED_FUNCTION = YES;
				GCC_WARN_UNUSED_VARIABLE = YES;
				IPHONEOS_DEPLOYMENT_TARGET = 16.2;
				MTL_ENABLE_DEBUG_INFO = NO;
				MTL_FAST_MATH = YES;
				SDKROOT = iphoneos;
				SWIFT_COMPILATION_MODE = wholemodule;
				SWIFT_OPTIMIZATION_LEVEL = "-O";
				VALIDATE_PRODUCT = YES;
			};
			name = Release;
		};
		E9F4BD9129D04FBC0019E526 /* Debug */ = {
			isa = XCBuildConfiguration;
			buildSettings = {
				ASSETCATALOG_COMPILER_APPICON_NAME = AppIcon;
				ASSETCATALOG_COMPILER_GLOBAL_ACCENT_COLOR_NAME = AccentColor;
				CODE_SIGN_STYLE = Automatic;
				CURRENT_PROJECT_VERSION = 1;
				DEVELOPMENT_TEAM = DSLR9L6TS7;
				GENERATE_INFOPLIST_FILE = YES;
				INFOPLIST_FILE = TestBeforeBank/Info.plist;
				INFOPLIST_KEY_UIApplicationSupportsIndirectInputEvents = YES;
				INFOPLIST_KEY_UILaunchStoryboardName = LaunchScreen;
				INFOPLIST_KEY_UIMainStoryboardFile = Main;
				INFOPLIST_KEY_UISupportedInterfaceOrientations_iPad = "UIInterfaceOrientationPortrait UIInterfaceOrientationPortraitUpsideDown UIInterfaceOrientationLandscapeLeft UIInterfaceOrientationLandscapeRight";
				INFOPLIST_KEY_UISupportedInterfaceOrientations_iPhone = "UIInterfaceOrientationPortrait UIInterfaceOrientationLandscapeLeft UIInterfaceOrientationLandscapeRight";
				LD_RUNPATH_SEARCH_PATHS = (
					"$(inherited)",
					"@executable_path/Frameworks",
				);
				MARKETING_VERSION = 1.0;
				PRODUCT_BUNDLE_IDENTIFIER = com.testTest.unit.TestBeforeBank;
				PRODUCT_NAME = "$(TARGET_NAME)";
				SWIFT_EMIT_LOC_STRINGS = YES;
				SWIFT_VERSION = 5.0;
				TARGETED_DEVICE_FAMILY = "1,2";
			};
			name = Debug;
		};
		E9F4BD9229D04FBC0019E526 /* Release */ = {
			isa = XCBuildConfiguration;
			buildSettings = {
				ASSETCATALOG_COMPILER_APPICON_NAME = AppIcon;
				ASSETCATALOG_COMPILER_GLOBAL_ACCENT_COLOR_NAME = AccentColor;
				CODE_SIGN_STYLE = Automatic;
				CURRENT_PROJECT_VERSION = 1;
				DEVELOPMENT_TEAM = DSLR9L6TS7;
				GENERATE_INFOPLIST_FILE = YES;
				INFOPLIST_FILE = TestBeforeBank/Info.plist;
				INFOPLIST_KEY_UIApplicationSupportsIndirectInputEvents = YES;
				INFOPLIST_KEY_UILaunchStoryboardName = LaunchScreen;
				INFOPLIST_KEY_UIMainStoryboardFile = Main;
				INFOPLIST_KEY_UISupportedInterfaceOrientations_iPad = "UIInterfaceOrientationPortrait UIInterfaceOrientationPortraitUpsideDown UIInterfaceOrientationLandscapeLeft UIInterfaceOrientationLandscapeRight";
				INFOPLIST_KEY_UISupportedInterfaceOrientations_iPhone = "UIInterfaceOrientationPortrait UIInterfaceOrientationLandscapeLeft UIInterfaceOrientationLandscapeRight";
				LD_RUNPATH_SEARCH_PATHS = (
					"$(inherited)",
					"@executable_path/Frameworks",
				);
				MARKETING_VERSION = 1.0;
				PRODUCT_BUNDLE_IDENTIFIER = com.testTest.unit.TestBeforeBank;
				PRODUCT_NAME = "$(TARGET_NAME)";
				SWIFT_EMIT_LOC_STRINGS = YES;
				SWIFT_VERSION = 5.0;
				TARGETED_DEVICE_FAMILY = "1,2";
			};
			name = Release;
		};
/* End XCBuildConfiguration section */

/* Begin XCConfigurationList section */
		E9F4BD7729D04FBA0019E526 /* Build configuration list for PBXProject "TestBeforeBank" */ = {
			isa = XCConfigurationList;
			buildConfigurations = (
				E9F4BD8E29D04FBC0019E526 /* Debug */,
				E9F4BD8F29D04FBC0019E526 /* Release */,
			);
			defaultConfigurationIsVisible = 0;
			defaultConfigurationName = Release;
		};
		E9F4BD9029D04FBC0019E526 /* Build configuration list for PBXNativeTarget "TestBeforeBank" */ = {
			isa = XCConfigurationList;
			buildConfigurations = (
				E9F4BD9129D04FBC0019E526 /* Debug */,
				E9F4BD9229D04FBC0019E526 /* Release */,
			);
			defaultConfigurationIsVisible = 0;
			defaultConfigurationName = Release;
		};
/* End XCConfigurationList section */
	};
	rootObject = E9F4BD7429D04FBA0019E526 /* Project object */;
}
