// !$*UTF8*$!
{
	archiveVersion = 1;
	classes = {
	};
	objectVersion = 50;
	objects = {

/* Begin PBXBuildFile section */
		45ABD4AF234CF69E00031256 /* AppDelegate.swift in Sources */ = {isa = PBXBuildFile; fileRef = 45ABD4AE234CF69E00031256 /* AppDelegate.swift */; };
		45ABD4B1234CF69E00031256 /* ViewController.swift in Sources */ = {isa = PBXBuildFile; fileRef = 45ABD4B0234CF69E00031256 /* ViewController.swift */; };
		45ABD4B4234CF69E00031256 /* Main.storyboard in Resources */ = {isa = PBXBuildFile; fileRef = 45ABD4B2234CF69E00031256 /* Main.storyboard */; };
		45ABD4B6234CF6A300031256 /* Assets.xcassets in Resources */ = {isa = PBXBuildFile; fileRef = 45ABD4B5234CF6A300031256 /* Assets.xcassets */; };
		45ABD4B9234CF6A300031256 /* LaunchScreen.storyboard in Resources */ = {isa = PBXBuildFile; fileRef = 45ABD4B7234CF6A300031256 /* LaunchScreen.storyboard */; };
		45ABD4C2234CF75500031256 /* RippleButton.swift in Sources */ = {isa = PBXBuildFile; fileRef = 45ABD4C1234CF75500031256 /* RippleButton.swift */; };
/* End PBXBuildFile section */

/* Begin PBXFileReference section */
		45ABD4AB234CF69E00031256 /* ripple.app */ = {isa = PBXFileReference; explicitFileType = wrapper.application; includeInIndex = 0; path = ripple.app; sourceTree = BUILT_PRODUCTS_DIR; };
		45ABD4AE234CF69E00031256 /* AppDelegate.swift */ = {isa = PBXFileReference; lastKnownFileType = sourcecode.swift; path = AppDelegate.swift; sourceTree = "<group>"; };
		45ABD4B0234CF69E00031256 /* ViewController.swift */ = {isa = PBXFileReference; lastKnownFileType = sourcecode.swift; path = ViewController.swift; sourceTree = "<group>"; };
		45ABD4B3234CF69E00031256 /* Base */ = {isa = PBXFileReference; lastKnownFileType = file.storyboard; name = Base; path = Base.lproj/Main.storyboard; sourceTree = "<group>"; };
		45ABD4B5234CF6A300031256 /* Assets.xcassets */ = {isa = PBXFileReference; lastKnownFileType = folder.assetcatalog; path = Assets.xcassets; sourceTree = "<group>"; };
		45ABD4B8234CF6A300031256 /* Base */ = {isa = PBXFileReference; lastKnownFileType = file.storyboard; name = Base; path = Base.lproj/LaunchScreen.storyboard; sourceTree = "<group>"; };
		45ABD4BA234CF6A300031256 /* Info.plist */ = {isa = PBXFileReference; lastKnownFileType = text.plist.xml; path = Info.plist; sourceTree = "<group>"; };
		45ABD4C1234CF75500031256 /* RippleButton.swift */ = {isa = PBXFileReference; lastKnownFileType = sourcecode.swift; path = RippleButton.swift; sourceTree = "<group>"; };
/* End PBXFileReference section */

/* Begin PBXFrameworksBuildPhase section */
		45ABD4A8234CF69E00031256 /* Frameworks */ = {
			isa = PBXFrameworksBuildPhase;
			buildActionMask = 2147483647;
			files = (
			);
			runOnlyForDeploymentPostprocessing = 0;
		};
/* End PBXFrameworksBuildPhase section */

/* Begin PBXGroup section */
		45ABD4A2234CF69E00031256 = {
			isa = PBXGroup;
			children = (
				45ABD4AD234CF69E00031256 /* ripple */,
				45ABD4AC234CF69E00031256 /* Products */,
			);
			sourceTree = "<group>";
		};
		45ABD4AC234CF69E00031256 /* Products */ = {
			isa = PBXGroup;
			children = (
				45ABD4AB234CF69E00031256 /* ripple.app */,
			);
			name = Products;
			sourceTree = "<group>";
		};
		45ABD4AD234CF69E00031256 /* ripple */ = {
			isa = PBXGroup;
			children = (
				45ABD4AE234CF69E00031256 /* AppDelegate.swift */,
				45ABD4B0234CF69E00031256 /* ViewController.swift */,
				45ABD4C0234CF72400031256 /* Ripple */,
				45ABD4B2234CF69E00031256 /* Main.storyboard */,
				45ABD4B5234CF6A300031256 /* Assets.xcassets */,
				45ABD4B7234CF6A300031256 /* LaunchScreen.storyboard */,
				45ABD4BA234CF6A300031256 /* Info.plist */,
			);
			path = ripple;
			sourceTree = "<group>";
		};
		45ABD4C0234CF72400031256 /* Ripple */ = {
			isa = PBXGroup;
			children = (
				45ABD4C1234CF75500031256 /* RippleButton.swift */,
			);
			path = Ripple;
			sourceTree = "<group>";
		};
/* End PBXGroup section */

/* Begin PBXNativeTarget section */
		45ABD4AA234CF69E00031256 /* ripple */ = {
			isa = PBXNativeTarget;
			buildConfigurationList = 45ABD4BD234CF6A300031256 /* Build configuration list for PBXNativeTarget "ripple" */;
			buildPhases = (
				45ABD4A7234CF69E00031256 /* Sources */,
				45ABD4A8234CF69E00031256 /* Frameworks */,
				45ABD4A9234CF69E00031256 /* Resources */,
			);
			buildRules = (
			);
			dependencies = (
			);
			name = ripple;
			productName = ripple;
			productReference = 45ABD4AB234CF69E00031256 /* ripple.app */;
			productType = "com.apple.product-type.application";
		};
/* End PBXNativeTarget section */

/* Begin PBXProject section */
		45ABD4A3234CF69E00031256 /* Project object */ = {
			isa = PBXProject;
			attributes = {
				LastSwiftUpdateCheck = 1010;
				LastUpgradeCheck = 1010;
				ORGANIZATIONNAME = konstantinRAZRAB;
				TargetAttributes = {
					45ABD4AA234CF69E00031256 = {
						CreatedOnToolsVersion = 10.1;
					};
				};
			};
			buildConfigurationList = 45ABD4A6234CF69E00031256 /* Build configuration list for PBXProject "ripple" */;
			compatibilityVersion = "Xcode 9.3";
			developmentRegion = en;
			hasScannedForEncodings = 0;
			knownRegions = (
				en,
				Base,
			);
			mainGroup = 45ABD4A2234CF69E00031256;
			productRefGroup = 45ABD4AC234CF69E00031256 /* Products */;
			projectDirPath = "";
			projectRoot = "";
			targets = (
				45ABD4AA234CF69E00031256 /* ripple */,
			);
		};
/* End PBXProject section */

/* Begin PBXResourcesBuildPhase section */
		45ABD4A9234CF69E00031256 /* Resources */ = {
			isa = PBXResourcesBuildPhase;
			buildActionMask = 2147483647;
			files = (
				45ABD4B9234CF6A300031256 /* LaunchScreen.storyboard in Resources */,
				45ABD4B6234CF6A300031256 /* Assets.xcassets in Resources */,
				45ABD4B4234CF69E00031256 /* Main.storyboard in Resources */,
			);
			runOnlyForDeploymentPostprocessing = 0;
		};
/* End PBXResourcesBuildPhase section */

/* Begin PBXSourcesBuildPhase section */
		45ABD4A7234CF69E00031256 /* Sources */ = {
			isa = PBXSourcesBuildPhase;
			buildActionMask = 2147483647;
			files = (
				45ABD4C2234CF75500031256 /* RippleButton.swift in Sources */,
				45ABD4B1234CF69E00031256 /* ViewController.swift in Sources */,
				45ABD4AF234CF69E00031256 /* AppDelegate.swift in Sources */,
			);
			runOnlyForDeploymentPostprocessing = 0;
		};
/* End PBXSourcesBuildPhase section */

/* Begin PBXVariantGroup section */
		45ABD4B2234CF69E00031256 /* Main.storyboard */ = {
			isa = PBXVariantGroup;
			children = (
				45ABD4B3234CF69E00031256 /* Base */,
			);
			name = Main.storyboard;
			sourceTree = "<group>";
		};
		45ABD4B7234CF6A300031256 /* LaunchScreen.storyboard */ = {
			isa = PBXVariantGroup;
			children = (
				45ABD4B8234CF6A300031256 /* Base */,
			);
			name = LaunchScreen.storyboard;
			sourceTree = "<group>";
		};
/* End PBXVariantGroup section */

/* Begin XCBuildConfiguration section */
		45ABD4BB234CF6A300031256 /* Debug */ = {
			isa = XCBuildConfiguration;
			buildSettings = {
				ALWAYS_SEARCH_USER_PATHS = NO;
				CLANG_ANALYZER_NONNULL = YES;
				CLANG_ANALYZER_NUMBER_OBJECT_CONVERSION = YES_AGGRESSIVE;
				CLANG_CXX_LANGUAGE_STANDARD = "gnu++14";
				CLANG_CXX_LIBRARY = "libc++";
				CLANG_ENABLE_MODULES = YES;
				CLANG_ENABLE_OBJC_ARC = YES;
				CLANG_ENABLE_OBJC_WEAK = YES;
				CLANG_WARN_BLOCK_CAPTURE_AUTORELEASING = YES;
				CLANG_WARN_BOOL_CONVERSION = YES;
				CLANG_WARN_COMMA = YES;
				CLANG_WARN_CONSTANT_CONVERSION = YES;
				CLANG_WARN_DEPRECATED_OBJC_IMPLEMENTATIONS = YES;
				CLANG_WARN_DIRECT_OBJC_ISA_USAGE = YES_ERROR;
				CLANG_WARN_DOCUMENTATION_COMMENTS = YES;
				CLANG_WARN_EMPTY_BODY = YES;
				CLANG_WARN_ENUM_CONVERSION = YES;
				CLANG_WARN_INFINITE_RECURSION = YES;
				CLANG_WARN_INT_CONVERSION = YES;
				CLANG_WARN_NON_LITERAL_NULL_CONVERSION = YES;
				CLANG_WARN_OBJC_IMPLICIT_RETAIN_SELF = YES;
				CLANG_WARN_OBJC_LITERAL_CONVERSION = YES;
				CLANG_WARN_OBJC_ROOT_CLASS = YES_ERROR;
				CLANG_WARN_RANGE_LOOP_ANALYSIS = YES;
				CLANG_WARN_STRICT_PROTOTYPES = YES;
				CLANG_WARN_SUSPICIOUS_MOVE = YES;
				CLANG_WARN_UNGUARDED_AVAILABILITY = YES_AGGRESSIVE;
				CLANG_WARN_UNREACHABLE_CODE = YES;
				CLANG_WARN__DUPLICATE_METHOD_MATCH = YES;
				CODE_SIGN_IDENTITY = "iPhone Developer";
				COPY_PHASE_STRIP = NO;
				DEBUG_INFORMATION_FORMAT = dwarf;
				ENABLE_STRICT_OBJC_MSGSEND = YES;
				ENABLE_TESTABILITY = YES;
				GCC_C_LANGUAGE_STANDARD = gnu11;
				GCC_DYNAMIC_NO_PIC = NO;
				GCC_NO_COMMON_BLOCKS = YES;
				GCC_OPTIMIZATION_LEVEL = 0;
				GCC_PREPROCESSOR_DEFINITIONS = (
					"DEBUG=1",
					"$(inherited)",
				);
				GCC_WARN_64_TO_32_BIT_CONVERSION = YES;
				GCC_WARN_ABOUT_RETURN_TYPE = YES_ERROR;
				GCC_WARN_UNDECLARED_SELECTOR = YES;
				GCC_WARN_UNINITIALIZED_AUTOS = YES_AGGRESSIVE;
				GCC_WARN_UNUSED_FUNCTION = YES;
				GCC_WARN_UNUSED_VARIABLE = YES;
				IPHONEOS_DEPLOYMENT_TARGET = 12.1;
				MTL_ENABLE_DEBUG_INFO = INCLUDE_SOURCE;
				MTL_FAST_MATH = YES;
				ONLY_ACTIVE_ARCH = YES;
				SDKROOT = iphoneos;
				SWIFT_ACTIVE_COMPILATION_CONDITIONS = DEBUG;
				SWIFT_OPTIMIZATION_LEVEL = "-Onone";
			};
			name = Debug;
		};
		45ABD4BC234CF6A300031256 /* Release */ = {
			isa = XCBuildConfiguration;
			buildSettings = {
				ALWAYS_SEARCH_USER_PATHS = NO;
				CLANG_ANALYZER_NONNULL = YES;
				CLANG_ANALYZER_NUMBER_OBJECT_CONVERSION = YES_AGGRESSIVE;
				CLANG_CXX_LANGUAGE_STANDARD = "gnu++14";
				CLANG_CXX_LIBRARY = "libc++";
				CLANG_ENABLE_MODULES = YES;
				CLANG_ENABLE_OBJC_ARC = YES;
				CLANG_ENABLE_OBJC_WEAK = YES;
				CLANG_WARN_BLOCK_CAPTURE_AUTORELEASING = YES;
				CLANG_WARN_BOOL_CONVERSION = YES;
				CLANG_WARN_COMMA = YES;
				CLANG_WARN_CONSTANT_CONVERSION = YES;
				CLANG_WARN_DEPRECATED_OBJC_IMPLEMENTATIONS = YES;
				CLANG_WARN_DIRECT_OBJC_ISA_USAGE = YES_ERROR;
				CLANG_WARN_DOCUMENTATION_COMMENTS = YES;
				CLANG_WARN_EMPTY_BODY = YES;
				CLANG_WARN_ENUM_CONVERSION = YES;
				CLANG_WARN_INFINITE_RECURSION = YES;
				CLANG_WARN_INT_CONVERSION = YES;
				CLANG_WARN_NON_LITERAL_NULL_CONVERSION = YES;
				CLANG_WARN_OBJC_IMPLICIT_RETAIN_SELF = YES;
				CLANG_WARN_OBJC_LITERAL_CONVERSION = YES;
				CLANG_WARN_OBJC_ROOT_CLASS = YES_ERROR;
				CLANG_WARN_RANGE_LOOP_ANALYSIS = YES;
				CLANG_WARN_STRICT_PROTOTYPES = YES;
				CLANG_WARN_SUSPICIOUS_MOVE = YES;
				CLANG_WARN_UNGUARDED_AVAILABILITY = YES_AGGRESSIVE;
				CLANG_WARN_UNREACHABLE_CODE = YES;
				CLANG_WARN__DUPLICATE_METHOD_MATCH = YES;
				CODE_SIGN_IDENTITY = "iPhone Developer";
				COPY_PHASE_STRIP = NO;
				DEBUG_INFORMATION_FORMAT = "dwarf-with-dsym";
				ENABLE_NS_ASSERTIONS = NO;
				ENABLE_STRICT_OBJC_MSGSEND = YES;
				GCC_C_LANGUAGE_STANDARD = gnu11;
				GCC_NO_COMMON_BLOCKS = YES;
				GCC_WARN_64_TO_32_BIT_CONVERSION = YES;
				GCC_WARN_ABOUT_RETURN_TYPE = YES_ERROR;
				GCC_WARN_UNDECLARED_SELECTOR = YES;
				GCC_WARN_UNINITIALIZED_AUTOS = YES_AGGRESSIVE;
				GCC_WARN_UNUSED_FUNCTION = YES;
				GCC_WARN_UNUSED_VARIABLE = YES;
				IPHONEOS_DEPLOYMENT_TARGET = 12.1;
				MTL_ENABLE_DEBUG_INFO = NO;
				MTL_FAST_MATH = YES;
				SDKROOT = iphoneos;
				SWIFT_COMPILATION_MODE = wholemodule;
				SWIFT_OPTIMIZATION_LEVEL = "-O";
				VALIDATE_PRODUCT = YES;
			};
			name = Release;
		};
		45ABD4BE234CF6A300031256 /* Debug */ = {
			isa = XCBuildConfiguration;
			buildSettings = {
				ASSETCATALOG_COMPILER_APPICON_NAME = AppIcon;
				CODE_SIGN_STYLE = Automatic;
				DEVELOPMENT_TEAM = 7M2U6SA6L4;
				INFOPLIST_FILE = ripple/Info.plist;
				LD_RUNPATH_SEARCH_PATHS = (
					"$(inherited)",
					"@executable_path/Frameworks",
				);
				PRODUCT_BUNDLE_IDENTIFIER = com.tanya.obj5.ripple;
				PRODUCT_NAME = "$(TARGET_NAME)";
				SWIFT_VERSION = 4.2;
				TARGETED_DEVICE_FAMILY = "1,2";
			};
			name = Debug;
		};
		45ABD4BF234CF6A300031256 /* Release */ = {
			isa = XCBuildConfiguration;
			buildSettings = {
				ASSETCATALOG_COMPILER_APPICON_NAME = AppIcon;
				CODE_SIGN_STYLE = Automatic;
				DEVELOPMENT_TEAM = 7M2U6SA6L4;
				INFOPLIST_FILE = ripple/Info.plist;
				LD_RUNPATH_SEARCH_PATHS = (
					"$(inherited)",
					"@executable_path/Frameworks",
				);
				PRODUCT_BUNDLE_IDENTIFIER = com.tanya.obj5.ripple;
				PRODUCT_NAME = "$(TARGET_NAME)";
				SWIFT_VERSION = 4.2;
				TARGETED_DEVICE_FAMILY = "1,2";
			};
			name = Release;
		};
/* End XCBuildConfiguration section */

/* Begin XCConfigurationList section */
		45ABD4A6234CF69E00031256 /* Build configuration list for PBXProject "ripple" */ = {
			isa = XCConfigurationList;
			buildConfigurations = (
				45ABD4BB234CF6A300031256 /* Debug */,
				45ABD4BC234CF6A300031256 /* Release */,
			);
			defaultConfigurationIsVisible = 0;
			defaultConfigurationName = Release;
		};
		45ABD4BD234CF6A300031256 /* Build configuration list for PBXNativeTarget "ripple" */ = {
			isa = XCConfigurationList;
			buildConfigurations = (
				45ABD4BE234CF6A300031256 /* Debug */,
				45ABD4BF234CF6A300031256 /* Release */,
			);
			defaultConfigurationIsVisible = 0;
			defaultConfigurationName = Release;
		};
/* End XCConfigurationList section */
	};
	rootObject = 45ABD4A3234CF69E00031256 /* Project object */;
}
