// !$*UTF8*$!
{
	archiveVersion = 1;
	classes = {
	};
	objectVersion = 55;
	objects = {

/* Begin PBXBuildFile section */
		45066CD8287AF96400AEC9E4 /* AppDelegate.swift in Sources */ = {isa = PBXBuildFile; fileRef = 45066CD7287AF96400AEC9E4 /* AppDelegate.swift */; };
		45066CDA287AF96400AEC9E4 /* SceneDelegate.swift in Sources */ = {isa = PBXBuildFile; fileRef = 45066CD9287AF96400AEC9E4 /* SceneDelegate.swift */; };
		45066CDC287AF96400AEC9E4 /* ViewController.swift in Sources */ = {isa = PBXBuildFile; fileRef = 45066CDB287AF96400AEC9E4 /* ViewController.swift */; };
		45066CDF287AF96400AEC9E4 /* Main.storyboard in Resources */ = {isa = PBXBuildFile; fileRef = 45066CDD287AF96400AEC9E4 /* Main.storyboard */; };
		45066CE1287AF96500AEC9E4 /* Assets.xcassets in Resources */ = {isa = PBXBuildFile; fileRef = 45066CE0287AF96500AEC9E4 /* Assets.xcassets */; };
		45066CE4287AF96500AEC9E4 /* LaunchScreen.storyboard in Resources */ = {isa = PBXBuildFile; fileRef = 45066CE2287AF96500AEC9E4 /* LaunchScreen.storyboard */; };
		45066CEC287AF9D400AEC9E4 /* BLEPeripheralManager.swift in Sources */ = {isa = PBXBuildFile; fileRef = 45066CEB287AF9D400AEC9E4 /* BLEPeripheralManager.swift */; };
		45066CEF287B5AC300AEC9E4 /* CentralViewController.swift in Sources */ = {isa = PBXBuildFile; fileRef = 45066CEE287B5AC300AEC9E4 /* CentralViewController.swift */; };
		45066CF1287B5AD700AEC9E4 /* PereferalViewController.swift in Sources */ = {isa = PBXBuildFile; fileRef = 45066CF0287B5AD700AEC9E4 /* PereferalViewController.swift */; };
		45066CF4287B6F1D00AEC9E4 /* BLECentralManager.swift in Sources */ = {isa = PBXBuildFile; fileRef = 45066CF3287B6F1D00AEC9E4 /* BLECentralManager.swift */; };
/* End PBXBuildFile section */

/* Begin PBXFileReference section */
		45066CD4287AF96400AEC9E4 /* Translator.app */ = {isa = PBXFileReference; explicitFileType = wrapper.application; includeInIndex = 0; path = Translator.app; sourceTree = BUILT_PRODUCTS_DIR; };
		45066CD7287AF96400AEC9E4 /* AppDelegate.swift */ = {isa = PBXFileReference; lastKnownFileType = sourcecode.swift; path = AppDelegate.swift; sourceTree = "<group>"; };
		45066CD9287AF96400AEC9E4 /* SceneDelegate.swift */ = {isa = PBXFileReference; lastKnownFileType = sourcecode.swift; path = SceneDelegate.swift; sourceTree = "<group>"; };
		45066CDB287AF96400AEC9E4 /* ViewController.swift */ = {isa = PBXFileReference; lastKnownFileType = sourcecode.swift; path = ViewController.swift; sourceTree = "<group>"; };
		45066CDE287AF96400AEC9E4 /* Base */ = {isa = PBXFileReference; lastKnownFileType = file.storyboard; name = Base; path = Base.lproj/Main.storyboard; sourceTree = "<group>"; };
		45066CE0287AF96500AEC9E4 /* Assets.xcassets */ = {isa = PBXFileReference; lastKnownFileType = folder.assetcatalog; path = Assets.xcassets; sourceTree = "<group>"; };
		45066CE3287AF96500AEC9E4 /* Base */ = {isa = PBXFileReference; lastKnownFileType = file.storyboard; name = Base; path = Base.lproj/LaunchScreen.storyboard; sourceTree = "<group>"; };
		45066CE5287AF96500AEC9E4 /* Info.plist */ = {isa = PBXFileReference; lastKnownFileType = text.plist.xml; path = Info.plist; sourceTree = "<group>"; };
		45066CEB287AF9D400AEC9E4 /* BLEPeripheralManager.swift */ = {isa = PBXFileReference; lastKnownFileType = sourcecode.swift; path = BLEPeripheralManager.swift; sourceTree = "<group>"; };
		45066CEE287B5AC300AEC9E4 /* CentralViewController.swift */ = {isa = PBXFileReference; lastKnownFileType = sourcecode.swift; path = CentralViewController.swift; sourceTree = "<group>"; };
		45066CF0287B5AD700AEC9E4 /* PereferalViewController.swift */ = {isa = PBXFileReference; lastKnownFileType = sourcecode.swift; path = PereferalViewController.swift; sourceTree = "<group>"; };
		45066CF3287B6F1D00AEC9E4 /* BLECentralManager.swift */ = {isa = PBXFileReference; lastKnownFileType = sourcecode.swift; path = BLECentralManager.swift; sourceTree = "<group>"; };
/* End PBXFileReference section */

/* Begin PBXFrameworksBuildPhase section */
		45066CD1287AF96400AEC9E4 /* Frameworks */ = {
			isa = PBXFrameworksBuildPhase;
			buildActionMask = 2147483647;
			files = (
			);
			runOnlyForDeploymentPostprocessing = 0;
		};
/* End PBXFrameworksBuildPhase section */

/* Begin PBXGroup section */
		45066CCB287AF96400AEC9E4 = {
			isa = PBXGroup;
			children = (
				45066CD6287AF96400AEC9E4 /* Translator */,
				45066CD5287AF96400AEC9E4 /* Products */,
			);
			sourceTree = "<group>";
		};
		45066CD5287AF96400AEC9E4 /* Products */ = {
			isa = PBXGroup;
			children = (
				45066CD4287AF96400AEC9E4 /* Translator.app */,
			);
			name = Products;
			sourceTree = "<group>";
		};
		45066CD6287AF96400AEC9E4 /* Translator */ = {
			isa = PBXGroup;
			children = (
				45066CD7287AF96400AEC9E4 /* AppDelegate.swift */,
				45066CD9287AF96400AEC9E4 /* SceneDelegate.swift */,
				45066CED287B5AA200AEC9E4 /* ViewControllers */,
				45066CF2287B6F0300AEC9E4 /* Managers */,
				45066CDD287AF96400AEC9E4 /* Main.storyboard */,
				45066CE0287AF96500AEC9E4 /* Assets.xcassets */,
				45066CE2287AF96500AEC9E4 /* LaunchScreen.storyboard */,
				45066CE5287AF96500AEC9E4 /* Info.plist */,
			);
			path = Translator;
			sourceTree = "<group>";
		};
		45066CED287B5AA200AEC9E4 /* ViewControllers */ = {
			isa = PBXGroup;
			children = (
				45066CDB287AF96400AEC9E4 /* ViewController.swift */,
				45066CEE287B5AC300AEC9E4 /* CentralViewController.swift */,
				45066CF0287B5AD700AEC9E4 /* PereferalViewController.swift */,
			);
			path = ViewControllers;
			sourceTree = "<group>";
		};
		45066CF2287B6F0300AEC9E4 /* Managers */ = {
			isa = PBXGroup;
			children = (
				45066CEB287AF9D400AEC9E4 /* BLEPeripheralManager.swift */,
				45066CF3287B6F1D00AEC9E4 /* BLECentralManager.swift */,
			);
			path = Managers;
			sourceTree = "<group>";
		};
/* End PBXGroup section */

/* Begin PBXNativeTarget section */
		45066CD3287AF96400AEC9E4 /* Translator */ = {
			isa = PBXNativeTarget;
			buildConfigurationList = 45066CE8287AF96500AEC9E4 /* Build configuration list for PBXNativeTarget "Translator" */;
			buildPhases = (
				45066CD0287AF96400AEC9E4 /* Sources */,
				45066CD1287AF96400AEC9E4 /* Frameworks */,
				45066CD2287AF96400AEC9E4 /* Resources */,
			);
			buildRules = (
			);
			dependencies = (
			);
			name = Translator;
			productName = Translator;
			productReference = 45066CD4287AF96400AEC9E4 /* Translator.app */;
			productType = "com.apple.product-type.application";
		};
/* End PBXNativeTarget section */

/* Begin PBXProject section */
		45066CCC287AF96400AEC9E4 /* Project object */ = {
			isa = PBXProject;
			attributes = {
				BuildIndependentTargetsInParallel = 1;
				LastSwiftUpdateCheck = 1320;
				LastUpgradeCheck = 1320;
				TargetAttributes = {
					45066CD3287AF96400AEC9E4 = {
						CreatedOnToolsVersion = 13.2.1;
					};
				};
			};
			buildConfigurationList = 45066CCF287AF96400AEC9E4 /* Build configuration list for PBXProject "Translator" */;
			compatibilityVersion = "Xcode 13.0";
			developmentRegion = en;
			hasScannedForEncodings = 0;
			knownRegions = (
				en,
				Base,
			);
			mainGroup = 45066CCB287AF96400AEC9E4;
			productRefGroup = 45066CD5287AF96400AEC9E4 /* Products */;
			projectDirPath = "";
			projectRoot = "";
			targets = (
				45066CD3287AF96400AEC9E4 /* Translator */,
			);
		};
/* End PBXProject section */

/* Begin PBXResourcesBuildPhase section */
		45066CD2287AF96400AEC9E4 /* Resources */ = {
			isa = PBXResourcesBuildPhase;
			buildActionMask = 2147483647;
			files = (
				45066CE4287AF96500AEC9E4 /* LaunchScreen.storyboard in Resources */,
				45066CE1287AF96500AEC9E4 /* Assets.xcassets in Resources */,
				45066CDF287AF96400AEC9E4 /* Main.storyboard in Resources */,
			);
			runOnlyForDeploymentPostprocessing = 0;
		};
/* End PBXResourcesBuildPhase section */

/* Begin PBXSourcesBuildPhase section */
		45066CD0287AF96400AEC9E4 /* Sources */ = {
			isa = PBXSourcesBuildPhase;
			buildActionMask = 2147483647;
			files = (
				45066CDC287AF96400AEC9E4 /* ViewController.swift in Sources */,
				45066CF1287B5AD700AEC9E4 /* PereferalViewController.swift in Sources */,
				45066CEF287B5AC300AEC9E4 /* CentralViewController.swift in Sources */,
				45066CD8287AF96400AEC9E4 /* AppDelegate.swift in Sources */,
				45066CDA287AF96400AEC9E4 /* SceneDelegate.swift in Sources */,
				45066CEC287AF9D400AEC9E4 /* BLEPeripheralManager.swift in Sources */,
				45066CF4287B6F1D00AEC9E4 /* BLECentralManager.swift in Sources */,
			);
			runOnlyForDeploymentPostprocessing = 0;
		};
/* End PBXSourcesBuildPhase section */

/* Begin PBXVariantGroup section */
		45066CDD287AF96400AEC9E4 /* Main.storyboard */ = {
			isa = PBXVariantGroup;
			children = (
				45066CDE287AF96400AEC9E4 /* Base */,
			);
			name = Main.storyboard;
			sourceTree = "<group>";
		};
		45066CE2287AF96500AEC9E4 /* LaunchScreen.storyboard */ = {
			isa = PBXVariantGroup;
			children = (
				45066CE3287AF96500AEC9E4 /* Base */,
			);
			name = LaunchScreen.storyboard;
			sourceTree = "<group>";
		};
/* End PBXVariantGroup section */

/* Begin XCBuildConfiguration section */
		45066CE6287AF96500AEC9E4 /* Debug */ = {
			isa = XCBuildConfiguration;
			buildSettings = {
				ALWAYS_SEARCH_USER_PATHS = NO;
				CLANG_ANALYZER_NONNULL = YES;
				CLANG_ANALYZER_NUMBER_OBJECT_CONVERSION = YES_AGGRESSIVE;
				CLANG_CXX_LANGUAGE_STANDARD = "gnu++17";
				CLANG_CXX_LIBRARY = "libc++";
				CLANG_ENABLE_MODULES = YES;
				CLANG_ENABLE_OBJC_ARC = YES;
				CLANG_ENABLE_OBJC_WEAK = YES;
				CLANG_WARN_BLOCK_CAPTURE_AUTORELEASING = YES;
				CLANG_WARN_BOOL_CONVERSION = YES;
				CLANG_WARN_COMMA = YES;
				CLANG_WARN_CONSTANT_CONVERSION = YES;
				CLANG_WARN_DEPRECATED_OBJC_IMPLEMENTATIONS = YES;
				CLANG_WARN_DIRECT_OBJC_ISA_USAGE = YES_ERROR;
				CLANG_WARN_DOCUMENTATION_COMMENTS = YES;
				CLANG_WARN_EMPTY_BODY = YES;
				CLANG_WARN_ENUM_CONVERSION = YES;
				CLANG_WARN_INFINITE_RECURSION = YES;
				CLANG_WARN_INT_CONVERSION = YES;
				CLANG_WARN_NON_LITERAL_NULL_CONVERSION = YES;
				CLANG_WARN_OBJC_IMPLICIT_RETAIN_SELF = YES;
				CLANG_WARN_OBJC_LITERAL_CONVERSION = YES;
				CLANG_WARN_OBJC_ROOT_CLASS = YES_ERROR;
				CLANG_WARN_QUOTED_INCLUDE_IN_FRAMEWORK_HEADER = YES;
				CLANG_WARN_RANGE_LOOP_ANALYSIS = YES;
				CLANG_WARN_STRICT_PROTOTYPES = YES;
				CLANG_WARN_SUSPICIOUS_MOVE = YES;
				CLANG_WARN_UNGUARDED_AVAILABILITY = YES_AGGRESSIVE;
				CLANG_WARN_UNREACHABLE_CODE = YES;
				CLANG_WARN__DUPLICATE_METHOD_MATCH = YES;
				COPY_PHASE_STRIP = NO;
				DEBUG_INFORMATION_FORMAT = dwarf;
				ENABLE_STRICT_OBJC_MSGSEND = YES;
				ENABLE_TESTABILITY = YES;
				GCC_C_LANGUAGE_STANDARD = gnu11;
				GCC_DYNAMIC_NO_PIC = NO;
				GCC_NO_COMMON_BLOCKS = YES;
				GCC_OPTIMIZATION_LEVEL = 0;
				GCC_PREPROCESSOR_DEFINITIONS = (
					"DEBUG=1",
					"$(inherited)",
				);
				GCC_WARN_64_TO_32_BIT_CONVERSION = YES;
				GCC_WARN_ABOUT_RETURN_TYPE = YES_ERROR;
				GCC_WARN_UNDECLARED_SELECTOR = YES;
				GCC_WARN_UNINITIALIZED_AUTOS = YES_AGGRESSIVE;
				GCC_WARN_UNUSED_FUNCTION = YES;
				GCC_WARN_UNUSED_VARIABLE = YES;
				IPHONEOS_DEPLOYMENT_TARGET = 15.2;
				MTL_ENABLE_DEBUG_INFO = INCLUDE_SOURCE;
				MTL_FAST_MATH = YES;
				ONLY_ACTIVE_ARCH = YES;
				SDKROOT = iphoneos;
				SWIFT_ACTIVE_COMPILATION_CONDITIONS = DEBUG;
				SWIFT_OPTIMIZATION_LEVEL = "-Onone";
			};
			name = Debug;
		};
		45066CE7287AF96500AEC9E4 /* Release */ = {
			isa = XCBuildConfiguration;
			buildSettings = {
				ALWAYS_SEARCH_USER_PATHS = NO;
				CLANG_ANALYZER_NONNULL = YES;
				CLANG_ANALYZER_NUMBER_OBJECT_CONVERSION = YES_AGGRESSIVE;
				CLANG_CXX_LANGUAGE_STANDARD = "gnu++17";
				CLANG_CXX_LIBRARY = "libc++";
				CLANG_ENABLE_MODULES = YES;
				CLANG_ENABLE_OBJC_ARC = YES;
				CLANG_ENABLE_OBJC_WEAK = YES;
				CLANG_WARN_BLOCK_CAPTURE_AUTORELEASING = YES;
				CLANG_WARN_BOOL_CONVERSION = YES;
				CLANG_WARN_COMMA = YES;
				CLANG_WARN_CONSTANT_CONVERSION = YES;
				CLANG_WARN_DEPRECATED_OBJC_IMPLEMENTATIONS = YES;
				CLANG_WARN_DIRECT_OBJC_ISA_USAGE = YES_ERROR;
				CLANG_WARN_DOCUMENTATION_COMMENTS = YES;
				CLANG_WARN_EMPTY_BODY = YES;
				CLANG_WARN_ENUM_CONVERSION = YES;
				CLANG_WARN_INFINITE_RECURSION = YES;
				CLANG_WARN_INT_CONVERSION = YES;
				CLANG_WARN_NON_LITERAL_NULL_CONVERSION = YES;
				CLANG_WARN_OBJC_IMPLICIT_RETAIN_SELF = YES;
				CLANG_WARN_OBJC_LITERAL_CONVERSION = YES;
				CLANG_WARN_OBJC_ROOT_CLASS = YES_ERROR;
				CLANG_WARN_QUOTED_INCLUDE_IN_FRAMEWORK_HEADER = YES;
				CLANG_WARN_RANGE_LOOP_ANALYSIS = YES;
				CLANG_WARN_STRICT_PROTOTYPES = YES;
				CLANG_WARN_SUSPICIOUS_MOVE = YES;
				CLANG_WARN_UNGUARDED_AVAILABILITY = YES_AGGRESSIVE;
				CLANG_WARN_UNREACHABLE_CODE = YES;
				CLANG_WARN__DUPLICATE_METHOD_MATCH = YES;
				COPY_PHASE_STRIP = NO;
				DEBUG_INFORMATION_FORMAT = "dwarf-with-dsym";
				ENABLE_NS_ASSERTIONS = NO;
				ENABLE_STRICT_OBJC_MSGSEND = YES;
				GCC_C_LANGUAGE_STANDARD = gnu11;
				GCC_NO_COMMON_BLOCKS = YES;
				GCC_WARN_64_TO_32_BIT_CONVERSION = YES;
				GCC_WARN_ABOUT_RETURN_TYPE = YES_ERROR;
				GCC_WARN_UNDECLARED_SELECTOR = YES;
				GCC_WARN_UNINITIALIZED_AUTOS = YES_AGGRESSIVE;
				GCC_WARN_UNUSED_FUNCTION = YES;
				GCC_WARN_UNUSED_VARIABLE = YES;
				IPHONEOS_DEPLOYMENT_TARGET = 15.2;
				MTL_ENABLE_DEBUG_INFO = NO;
				MTL_FAST_MATH = YES;
				SDKROOT = iphoneos;
				SWIFT_COMPILATION_MODE = wholemodule;
				SWIFT_OPTIMIZATION_LEVEL = "-O";
				VALIDATE_PRODUCT = YES;
			};
			name = Release;
		};
		45066CE9287AF96500AEC9E4 /* Debug */ = {
			isa = XCBuildConfiguration;
			buildSettings = {
				ASSETCATALOG_COMPILER_APPICON_NAME = AppIcon;
				ASSETCATALOG_COMPILER_GLOBAL_ACCENT_COLOR_NAME = AccentColor;
				CODE_SIGN_STYLE = Automatic;
				CURRENT_PROJECT_VERSION = 1;
				DEVELOPMENT_TEAM = WJY55Z8FDT;
				GENERATE_INFOPLIST_FILE = YES;
				INFOPLIST_FILE = Translator/Info.plist;
				INFOPLIST_KEY_UIApplicationSupportsIndirectInputEvents = YES;
				INFOPLIST_KEY_UILaunchStoryboardName = LaunchScreen;
				INFOPLIST_KEY_UIMainStoryboardFile = Main;
				INFOPLIST_KEY_UISupportedInterfaceOrientations_iPad = "UIInterfaceOrientationPortrait UIInterfaceOrientationPortraitUpsideDown UIInterfaceOrientationLandscapeLeft UIInterfaceOrientationLandscapeRight";
				INFOPLIST_KEY_UISupportedInterfaceOrientations_iPhone = "UIInterfaceOrientationPortrait UIInterfaceOrientationLandscapeLeft UIInterfaceOrientationLandscapeRight";
				LD_RUNPATH_SEARCH_PATHS = (
					"$(inherited)",
					"@executable_path/Frameworks",
				);
				MARKETING_VERSION = 1.0;
				PRODUCT_BUNDLE_IDENTIFIER = com.test.crashlitics.foodoo2.Translator;
				PRODUCT_NAME = "$(TARGET_NAME)";
				SWIFT_EMIT_LOC_STRINGS = NO;
				SWIFT_VERSION = 5.0;
				TARGETED_DEVICE_FAMILY = "1,2";
			};
			name = Debug;
		};
		45066CEA287AF96500AEC9E4 /* Release */ = {
			isa = XCBuildConfiguration;
			buildSettings = {
				ASSETCATALOG_COMPILER_APPICON_NAME = AppIcon;
				ASSETCATALOG_COMPILER_GLOBAL_ACCENT_COLOR_NAME = AccentColor;
				CODE_SIGN_STYLE = Automatic;
				CURRENT_PROJECT_VERSION = 1;
				DEVELOPMENT_TEAM = WJY55Z8FDT;
				GENERATE_INFOPLIST_FILE = YES;
				INFOPLIST_FILE = Translator/Info.plist;
				INFOPLIST_KEY_UIApplicationSupportsIndirectInputEvents = YES;
				INFOPLIST_KEY_UILaunchStoryboardName = LaunchScreen;
				INFOPLIST_KEY_UIMainStoryboardFile = Main;
				INFOPLIST_KEY_UISupportedInterfaceOrientations_iPad = "UIInterfaceOrientationPortrait UIInterfaceOrientationPortraitUpsideDown UIInterfaceOrientationLandscapeLeft UIInterfaceOrientationLandscapeRight";
				INFOPLIST_KEY_UISupportedInterfaceOrientations_iPhone = "UIInterfaceOrientationPortrait UIInterfaceOrientationLandscapeLeft UIInterfaceOrientationLandscapeRight";
				LD_RUNPATH_SEARCH_PATHS = (
					"$(inherited)",
					"@executable_path/Frameworks",
				);
				MARKETING_VERSION = 1.0;
				PRODUCT_BUNDLE_IDENTIFIER = com.test.crashlitics.foodoo2.Translator;
				PRODUCT_NAME = "$(TARGET_NAME)";
				SWIFT_EMIT_LOC_STRINGS = NO;
				SWIFT_VERSION = 5.0;
				TARGETED_DEVICE_FAMILY = "1,2";
			};
			name = Release;
		};
/* End XCBuildConfiguration section */

/* Begin XCConfigurationList section */
		45066CCF287AF96400AEC9E4 /* Build configuration list for PBXProject "Translator" */ = {
			isa = XCConfigurationList;
			buildConfigurations = (
				45066CE6287AF96500AEC9E4 /* Debug */,
				45066CE7287AF96500AEC9E4 /* Release */,
			);
			defaultConfigurationIsVisible = 0;
			defaultConfigurationName = Release;
		};
		45066CE8287AF96500AEC9E4 /* Build configuration list for PBXNativeTarget "Translator" */ = {
			isa = XCConfigurationList;
			buildConfigurations = (
				45066CE9287AF96500AEC9E4 /* Debug */,
				45066CEA287AF96500AEC9E4 /* Release */,
			);
			defaultConfigurationIsVisible = 0;
			defaultConfigurationName = Release;
		};
/* End XCConfigurationList section */
	};
	rootObject = 45066CCC287AF96400AEC9E4 /* Project object */;
}
